{
  "name": "fix-markdown-footnotes",
  "version": "0.0.1",
  "lockfileVersion": 3,
  "requires": true,
  "packages": {
    "": {
      "name": "fix-markdown-footnotes",
      "version": "0.0.1",
      "license": "MIT",
      "dependencies": {
        "fdir": "6.0.1"
      },
      "bin": {
        "fmf": "index.js"
      }
    },
    "node_modules/fdir": {
      "version": "6.0.1",
      "resolved": "https://registry.npmjs.org/fdir/-/fdir-6.0.1.tgz",
      "integrity": "sha512-bdrUUb0eYQrPRlaAtlSRoLs7sp6yKEwbMQuUgwvi/14TnaqhM/deSZUrC5ic+yjm5nEPPWE61oWpTTxQFQMmLA==",
      "peerDependencies": {
        "picomatch": "2.x"
      },
      "peerDependenciesMeta": {
        "picomatch": {
          "optional": true
        }
      }
    }
  }
}
